
Microsoft Visual Studio Solution File, Format Version 12.00
# Visual Studio Version 16
VisualStudioVersion = 16.0.30503.244
MinimumVisualStudioVersion = 10.0.40219.1
Project("{8BC9CEB8-8B4A-11D0-8D11-00A0C91BC942}") = "CommandBindingManager", "CommandBindingManager\CommandBindingManager.vcxproj", "{2BB2EEAC-A9A5-4992-9869-377B0E8FBA37}"
EndProject
Global
	GlobalSection(SolutionConfigurationPlatforms) = preSolution
		Debug|x64 = Debug|x64
		Release|x64 = Release|x64
	EndGlobalSection
	GlobalSection(ProjectConfigurationPlatforms) = postSolution
		{2BB2EEAC-A9A5-4992-9869-377B0E8FBA37}.Debug|x64.ActiveCfg = Debug|x64
		{2BB2EEAC-A9A5-4992-9869-377B0E8FBA37}.Debug|x64.Build.0 = Debug|x64
		{2BB2EEAC-A9A5-4992-9869-377B0E8FBA37}.Release|x64.ActiveCfg = Release|x64
		{2BB2EEAC-A9A5-4992-9869-377B0E8FBA37}.Release|x64.Build.0 = Release|x64
	EndGlobalSection
	GlobalSection(SolutionProperties) = preSolution
		HideSolutionNode = FALSE
	EndGlobalSection
	GlobalSection(ExtensibilityGlobals) = postSolution
		SolutionGuid = {9961DAB6-CDCB-4A9E-AE48-D43548EF1A39}
	EndGlobalSection
EndGlobal
